
Microsoft Visual Studio Solution File, Format Version 12.00
# Visual Studio Version 17
VisualStudioVersion = 17.8.34330.188
MinimumVisualStudioVersion = 10.0.40219.1
Project("{FAE04EC0-301F-11D3-BF4B-00C04F79EFBC}") = "Rick", "Rick\Rick.csproj", "{18C583F1-4619-4700-86F5-7F17DF4CB953}"
EndProject
Global
	GlobalSection(SolutionConfigurationPlatforms) = preSolution
		Debug|Any CPU = Debug|Any CPU
		Release|Any CPU = Release|Any CPU
	EndGlobalSection
	GlobalSection(ProjectConfigurationPlatforms) = postSolution
		{18C583F1-4619-4700-86F5-7F17DF4CB953}.Debug|Any CPU.ActiveCfg = Debug|Any CPU
		{18C583F1-4619-4700-86F5-7F17DF4CB953}.Debug|Any CPU.Build.0 = Debug|Any CPU
		{18C583F1-4619-4700-86F5-7F17DF4CB953}.Release|Any CPU.ActiveCfg = Release|Any CPU
		{18C583F1-4619-4700-86F5-7F17DF4CB953}.Release|Any CPU.Build.0 = Release|Any CPU
	EndGlobalSection
	GlobalSection(SolutionProperties) = preSolution
		HideSolutionNode = FALSE
	EndGlobalSection
	GlobalSection(ExtensibilityGlobals) = postSolution
		SolutionGuid = {89BBC759-E131-4817-B761-C9AB8452A3C4}
	EndGlobalSection
EndGlobal
